
Microsoft Visual Studio Solution File, Format Version 12.00
# Visual Studio Version 17
VisualStudioVersion = 17.9.34607.119
MinimumVisualStudioVersion = 10.0.40219.1
Project("{FAE04EC0-301F-11D3-BF4B-00C04F79EFBC}") = "GraphQL.WebApi", "GraphQL.WebApi\GraphQL.WebApi.csproj", "{2B55B5EB-BF97-41F9-AC39-DB07ED04F46F}"
EndProject
Global
	GlobalSection(SolutionConfigurationPlatforms) = preSolution
		Debug|Any CPU = Debug|Any CPU
		Release|Any CPU = Release|Any CPU
	EndGlobalSection
	GlobalSection(ProjectConfigurationPlatforms) = postSolution
		{2B55B5EB-BF97-41F9-AC39-DB07ED04F46F}.Debug|Any CPU.ActiveCfg = Debug|Any CPU
		{2B55B5EB-BF97-41F9-AC39-DB07ED04F46F}.Debug|Any CPU.Build.0 = Debug|Any CPU
		{2B55B5EB-BF97-41F9-AC39-DB07ED04F46F}.Release|Any CPU.ActiveCfg = Release|Any CPU
		{2B55B5EB-BF97-41F9-AC39-DB07ED04F46F}.Release|Any CPU.Build.0 = Release|Any CPU
	EndGlobalSection
	GlobalSection(SolutionProperties) = preSolution
		HideSolutionNode = FALSE
	EndGlobalSection
	GlobalSection(ExtensibilityGlobals) = postSolution
		SolutionGuid = {45462D15-9BFD-4841-92F9-C10F2453C4C5}
	EndGlobalSection
EndGlobal
